
Microsoft Visual Studio Solution File, Format Version 12.00
# Visual Studio Version 17
VisualStudioVersion = 17.5.33424.131
MinimumVisualStudioVersion = 10.0.40219.1
Project("{54A90642-561A-4BB1-A94E-469ADEE60C69}") = "reactproject1", "reactproject1.esproj", "{098C3C1D-27AD-4051-B9EF-DA038AC7BEF9}"
EndProject
Global
	GlobalSection(SolutionConfigurationPlatforms) = preSolution
		Debug|Any CPU = Debug|Any CPU
		Release|Any CPU = Release|Any CPU
	EndGlobalSection
	GlobalSection(ProjectConfigurationPlatforms) = postSolution
		{098C3C1D-27AD-4051-B9EF-DA038AC7BEF9}.Debug|Any CPU.ActiveCfg = Debug|Any CPU
		{098C3C1D-27AD-4051-B9EF-DA038AC7BEF9}.Debug|Any CPU.Build.0 = Debug|Any CPU
		{098C3C1D-27AD-4051-B9EF-DA038AC7BEF9}.Debug|Any CPU.Deploy.0 = Debug|Any CPU
		{098C3C1D-27AD-4051-B9EF-DA038AC7BEF9}.Release|Any CPU.ActiveCfg = Release|Any CPU
		{098C3C1D-27AD-4051-B9EF-DA038AC7BEF9}.Release|Any CPU.Build.0 = Release|Any CPU
		{098C3C1D-27AD-4051-B9EF-DA038AC7BEF9}.Release|Any CPU.Deploy.0 = Release|Any CPU
	EndGlobalSection
	GlobalSection(SolutionProperties) = preSolution
		HideSolutionNode = FALSE
	EndGlobalSection
	GlobalSection(ExtensibilityGlobals) = postSolution
		SolutionGuid = {E966A53C-5BCE-4387-B7CA-6FB230BC1082}
	EndGlobalSection
EndGlobal
